Microsoft Visual Studio Solution File, Format Version 12.00
# Visual Studio Version 17
VisualStudioVersion = 17.5.2.0
MinimumVisualStudioVersion = 10.0.40219.1
Project("{FAE04EC0-301F-11D3-BF4B-00C04F79EFBC}") = "College-Website", "College-Website\College-Website.csproj", "{390C7AAE-0552-D22D-57E5-56117C86DD41}"
EndProject
Global
	GlobalSection(SolutionConfigurationPlatforms) = preSolution
		Debug|Any CPU = Debug|Any CPU
		Release|Any CPU = Release|Any CPU
	EndGlobalSection
	GlobalSection(ProjectConfigurationPlatforms) = postSolution
		{390C7AAE-0552-D22D-57E5-56117C86DD41}.Debug|Any CPU.ActiveCfg = Debug|Any CPU
		{390C7AAE-0552-D22D-57E5-56117C86DD41}.Debug|Any CPU.Build.0 = Debug|Any CPU
		{390C7AAE-0552-D22D-57E5-56117C86DD41}.Release|Any CPU.ActiveCfg = Release|Any CPU
		{390C7AAE-0552-D22D-57E5-56117C86DD41}.Release|Any CPU.Build.0 = Release|Any CPU
	EndGlobalSection
	GlobalSection(SolutionProperties) = preSolution
		HideSolutionNode = FALSE
	EndGlobalSection
	GlobalSection(ExtensibilityGlobals) = postSolution
		SolutionGuid = {53DF89D1-E7E0-45CC-B98C-4B34C9836EE3}
	EndGlobalSection
EndGlobal
